
Microsoft Visual Studio Solution File, Format Version 12.00
# Visual Studio Version 16
VisualStudioVersion = 16.0.31313.79
MinimumVisualStudioVersion = 10.0.40219.1
Project("{FAE04EC0-301F-11D3-BF4B-00C04F79EFBC}") = "DMMockPortal", "DMMockPortal.csproj", "{7E332748-5155-49AA-89C4-C588C4724DFB}"
EndProject
Global
	GlobalSection(SolutionConfigurationPlatforms) = preSolution
		Debug|Any CPU = Debug|Any CPU
		Debug|x64 = Debug|x64
		Release|Any CPU = Release|Any CPU
		Release|x64 = Release|x64
	EndGlobalSection
	GlobalSection(ProjectConfigurationPlatforms) = postSolution
		{7E332748-5155-49AA-89C4-C588C4724DFB}.Debug|Any CPU.ActiveCfg = Debug|Any CPU
		{7E332748-5155-49AA-89C4-C588C4724DFB}.Debug|Any CPU.Build.0 = Debug|Any CPU
		{7E332748-5155-49AA-89C4-C588C4724DFB}.Debug|x64.ActiveCfg = Debug|x64
		{7E332748-5155-49AA-89C4-C588C4724DFB}.Debug|x64.Build.0 = Debug|x64
		{7E332748-5155-49AA-89C4-C588C4724DFB}.Release|Any CPU.ActiveCfg = Release|Any CPU
		{7E332748-5155-49AA-89C4-C588C4724DFB}.Release|Any CPU.Build.0 = Release|Any CPU
		{7E332748-5155-49AA-89C4-C588C4724DFB}.Release|x64.ActiveCfg = Release|x64
		{7E332748-5155-49AA-89C4-C588C4724DFB}.Release|x64.Build.0 = Release|x64
	EndGlobalSection
	GlobalSection(SolutionProperties) = preSolution
		HideSolutionNode = FALSE
	EndGlobalSection
	GlobalSection(ExtensibilityGlobals) = postSolution
		SolutionGuid = {1945AE7F-2C9D-4743-9803-7D0C2BEC1889}
	EndGlobalSection
EndGlobal
